
Microsoft Visual Studio Solution File, Format Version 12.00
# Visual Studio 15
VisualStudioVersion = 15.0.28010.2041
MinimumVisualStudioVersion = 10.0.40219.1
Project("{FAE04EC0-301F-11D3-BF4B-00C04F79EFBC}") = "ReactCoreBoilerplate", "ReactCoreBoilerplate\ReactCoreBoilerplate.csproj", "{107C18E1-53B5-479C-9D73-C09C83168F8A}"
EndProject
Global
	GlobalSection(SolutionConfigurationPlatforms) = preSolution
		Debug|Any CPU = Debug|Any CPU
		Release|Any CPU = Release|Any CPU
	EndGlobalSection
	GlobalSection(ProjectConfigurationPlatforms) = postSolution
		{107C18E1-53B5-479C-9D73-C09C83168F8A}.Debug|Any CPU.ActiveCfg = Debug|Any CPU
		{107C18E1-53B5-479C-9D73-C09C83168F8A}.Debug|Any CPU.Build.0 = Debug|Any CPU
		{107C18E1-53B5-479C-9D73-C09C83168F8A}.Release|Any CPU.ActiveCfg = Release|Any CPU
		{107C18E1-53B5-479C-9D73-C09C83168F8A}.Release|Any CPU.Build.0 = Release|Any CPU
	EndGlobalSection
	GlobalSection(SolutionProperties) = preSolution
		HideSolutionNode = FALSE
	EndGlobalSection
	GlobalSection(ExtensibilityGlobals) = postSolution
		SolutionGuid = {DD5CFE6E-7589-44EF-B141-D0DCF457E14D}
	EndGlobalSection
EndGlobal
